# This file is automatically @generated by Poetry and should not be changed by hand.

[[package]]
name = "pyobjc-core"
version = "9.0.1"
description = "Python<->ObjC Interoperability Module"
category = "main"
optional = false
python-versions = ">=3.7"
files = [
    {file = "pyobjc-core-9.0.1.tar.gz", hash = "sha256:5ce1510bb0bdff527c597079a42b2e13a19b7592e76850be7960a2775b59c929"},
    {file = "pyobjc_core-9.0.1-cp310-cp310-macosx_10_9_universal2.whl", hash = "sha256:b614406d46175b1438a9596b664bf61952323116704d19bc1dea68052a0aad98"},
    {file = "pyobjc_core-9.0.1-cp311-cp311-macosx_10_9_universal2.whl", hash = "sha256:bd397e729f6271c694fb70df8f5d3d3c9b2f2b8ac02fbbdd1757ca96027b94bb"},
    {file = "pyobjc_core-9.0.1-cp37-cp37m-macosx_10_9_x86_64.whl", hash = "sha256:d919934eaa6d1cf1505ff447a5c2312be4c5651efcb694eb9f59e86f5bd25e6b"},
    {file = "pyobjc_core-9.0.1-cp38-cp38-macosx_10_9_x86_64.whl", hash = "sha256:67d67ca8b164f38ceacce28a18025845c3ec69613f3301935d4d2c4ceb22e3fd"},
    {file = "pyobjc_core-9.0.1-cp38-cp38-macosx_11_0_universal2.whl", hash = "sha256:39d11d71f6161ac0bd93cffc8ea210bb0178b56d16a7408bf74283d6ecfa7430"},
    {file = "pyobjc_core-9.0.1-cp39-cp39-macosx_10_9_universal2.whl", hash = "sha256:25be1c4d530e473ed98b15063b8d6844f0733c98914de6f09fe1f7652b772bbc"},
]

[[package]]
name = "quickmachotkey"
version = "2023.3.4"
description = "Bind a global hotkey, on macOS, in Python"
category = "main"
optional = false
python-versions = "*"
files = [
    {file = "quickmachotkey-2023.3.4-py3-none-any.whl", hash = "sha256:76a02c5920b112a3a9f6267cafd572b10bdd752ee4467d29e51806193380d8da"},
    {file = "quickmachotkey-2023.3.4.tar.gz", hash = "sha256:024475f6117b64ceb883f360ff823356070d5dc6dd6a838c9b23bea0abdaf4fb"},
]

[package.dependencies]
pyobjc-core = "*"

[metadata]
lock-version = "2.0"
python-versions = "^3.11"
content-hash = "fceb925816048ebbf2c7895a2884b0e3a7eb6bef2559b14546d7a9982785d4c3"
